
Microsoft Visual Studio Solution File, Format Version 12.00
Project("{FAE04EC0-301F-11D3-BF4B-00C04F79EFBC}") = "Watchdog.Backend.Domain", "Watchdog.Backend.Domain\Watchdog.Backend.Domain.csproj", "{3D202EDC-ACD0-4937-A2FA-7A80707121E0}"
EndProject
Project("{FAE04EC0-301F-11D3-BF4B-00C04F79EFBC}") = "Watchdog.Backend.Application", "Watchdog.Backend.Application\Watchdog.Backend.Application.csproj", "{01AB8280-7254-40E6-9B3E-1EC44AAF1AFA}"
EndProject
Project("{2150E333-8FDC-42A3-9474-1A3956D46DE8}") = "Core", "Core", "{D27B6F55-7F9D-4534-AAFB-2D3E061FCC11}"
EndProject
Project("{2150E333-8FDC-42A3-9474-1A3956D46DE8}") = "Infrastructure", "Infrastructure", "{398CA186-B3CB-408E-AFC6-0479B244A8A9}"
EndProject
Project("{FAE04EC0-301F-11D3-BF4B-00C04F79EFBC}") = "Watchdog.Backend.Persistence", "Watchdog.Backend.Persistence\Watchdog.Backend.Persistence.csproj", "{B5307925-DA61-492A-B59F-3D7843063292}"
EndProject
Project("{FAE04EC0-301F-11D3-BF4B-00C04F79EFBC}") = "Watchdog.Backend.Infrastructure", "Watchdog.Backend.Infrastructure\Watchdog.Backend.Infrastructure.csproj", "{8A16CCC9-46B2-4C8F-A133-978C3B687366}"
EndProject
Project("{2150E333-8FDC-42A3-9474-1A3956D46DE8}") = "API", "API", "{1114D7CC-1040-47DF-AE55-50051C3F112F}"
EndProject
Project("{FAE04EC0-301F-11D3-BF4B-00C04F79EFBC}") = "Watchdog.Backend.Api", "Watchdog.Backend.Api\Watchdog.Backend.Api.csproj", "{5792C4FA-308E-4F39-A287-F1775E4BE135}"
EndProject
Global
	GlobalSection(SolutionConfigurationPlatforms) = preSolution
		Debug|Any CPU = Debug|Any CPU
		Release|Any CPU = Release|Any CPU
	EndGlobalSection
	GlobalSection(ProjectConfigurationPlatforms) = postSolution
		{3D202EDC-ACD0-4937-A2FA-7A80707121E0}.Debug|Any CPU.ActiveCfg = Debug|Any CPU
		{3D202EDC-ACD0-4937-A2FA-7A80707121E0}.Debug|Any CPU.Build.0 = Debug|Any CPU
		{3D202EDC-ACD0-4937-A2FA-7A80707121E0}.Release|Any CPU.ActiveCfg = Release|Any CPU
		{3D202EDC-ACD0-4937-A2FA-7A80707121E0}.Release|Any CPU.Build.0 = Release|Any CPU
		{01AB8280-7254-40E6-9B3E-1EC44AAF1AFA}.Debug|Any CPU.ActiveCfg = Debug|Any CPU
		{01AB8280-7254-40E6-9B3E-1EC44AAF1AFA}.Debug|Any CPU.Build.0 = Debug|Any CPU
		{01AB8280-7254-40E6-9B3E-1EC44AAF1AFA}.Release|Any CPU.ActiveCfg = Release|Any CPU
		{01AB8280-7254-40E6-9B3E-1EC44AAF1AFA}.Release|Any CPU.Build.0 = Release|Any CPU
		{B5307925-DA61-492A-B59F-3D7843063292}.Debug|Any CPU.ActiveCfg = Debug|Any CPU
		{B5307925-DA61-492A-B59F-3D7843063292}.Debug|Any CPU.Build.0 = Debug|Any CPU
		{B5307925-DA61-492A-B59F-3D7843063292}.Release|Any CPU.ActiveCfg = Release|Any CPU
		{B5307925-DA61-492A-B59F-3D7843063292}.Release|Any CPU.Build.0 = Release|Any CPU
		{8A16CCC9-46B2-4C8F-A133-978C3B687366}.Debug|Any CPU.ActiveCfg = Debug|Any CPU
		{8A16CCC9-46B2-4C8F-A133-978C3B687366}.Debug|Any CPU.Build.0 = Debug|Any CPU
		{8A16CCC9-46B2-4C8F-A133-978C3B687366}.Release|Any CPU.ActiveCfg = Release|Any CPU
		{8A16CCC9-46B2-4C8F-A133-978C3B687366}.Release|Any CPU.Build.0 = Release|Any CPU
		{5792C4FA-308E-4F39-A287-F1775E4BE135}.Debug|Any CPU.ActiveCfg = Debug|Any CPU
		{5792C4FA-308E-4F39-A287-F1775E4BE135}.Debug|Any CPU.Build.0 = Debug|Any CPU
		{5792C4FA-308E-4F39-A287-F1775E4BE135}.Release|Any CPU.ActiveCfg = Release|Any CPU
		{5792C4FA-308E-4F39-A287-F1775E4BE135}.Release|Any CPU.Build.0 = Release|Any CPU
	EndGlobalSection
	GlobalSection(NestedProjects) = preSolution
		{01AB8280-7254-40E6-9B3E-1EC44AAF1AFA} = {D27B6F55-7F9D-4534-AAFB-2D3E061FCC11}
		{3D202EDC-ACD0-4937-A2FA-7A80707121E0} = {D27B6F55-7F9D-4534-AAFB-2D3E061FCC11}
		{B5307925-DA61-492A-B59F-3D7843063292} = {398CA186-B3CB-408E-AFC6-0479B244A8A9}
		{8A16CCC9-46B2-4C8F-A133-978C3B687366} = {398CA186-B3CB-408E-AFC6-0479B244A8A9}
		{5792C4FA-308E-4F39-A287-F1775E4BE135} = {1114D7CC-1040-47DF-AE55-50051C3F112F}
	EndGlobalSection
EndGlobal
